// !$*UTF8*$!
{
	archiveVersion = 1;
	classes = {
	};
	objectVersion = 51;
	objects = {

/* Begin PBXBuildFile section */
		CF7217E024881D47003A2FE3 /* Question.swift in Sources */ = {isa = PBXBuildFile; fileRef = CF7217DF24881D47003A2FE3 /* Question.swift */; };
		CF7217E224881DF3003A2FE3 /* QuestionAPI.swift in Sources */ = {isa = PBXBuildFile; fileRef = CF7217E124881DF3003A2FE3 /* QuestionAPI.swift */; };
		CF7217E424882C3A003A2FE3 /* QuizViewController.swift in Sources */ = {isa = PBXBuildFile; fileRef = CF7217E324882C3A003A2FE3 /* QuizViewController.swift */; };
		CF7217E624882C7E003A2FE3 /* ResultViewController.swift in Sources */ = {isa = PBXBuildFile; fileRef = CF7217E524882C7E003A2FE3 /* ResultViewController.swift */; };
		CF7CF83A248C077700623EDB /* QuestionManager.swift in Sources */ = {isa = PBXBuildFile; fileRef = CF7CF839248C077700623EDB /* QuestionManager.swift */; };
		E811923824ACBA6F00ABECA5 /* CustomLabel.swift in Sources */ = {isa = PBXBuildFile; fileRef = E811923724ACBA6F00ABECA5 /* CustomLabel.swift */; };
		E811923A24ACFF2700ABECA5 /* CustomButtonOptions.swift in Sources */ = {isa = PBXBuildFile; fileRef = E811923924ACFF2700ABECA5 /* CustomButtonOptions.swift */; };
		E811923C24AD135300ABECA5 /* QuizViewModel.swift in Sources */ = {isa = PBXBuildFile; fileRef = E811923B24AD135300ABECA5 /* QuizViewModel.swift */; };
		E84E526024852CEE00715531 /* AppDelegate.swift in Sources */ = {isa = PBXBuildFile; fileRef = E84E525F24852CEE00715531 /* AppDelegate.swift */; };
		E84E526224852CEE00715531 /* SceneDelegate.swift in Sources */ = {isa = PBXBuildFile; fileRef = E84E526124852CEE00715531 /* SceneDelegate.swift */; };
		E84E526424852CEE00715531 /* HomeViewController.swift in Sources */ = {isa = PBXBuildFile; fileRef = E84E526324852CEE00715531 /* HomeViewController.swift */; };
		E84E526A24852CEE00715531 /* SwiftQuiz.xcdatamodeld in Sources */ = {isa = PBXBuildFile; fileRef = E84E526824852CEE00715531 /* SwiftQuiz.xcdatamodeld */; };
		E84E526C24852CEE00715531 /* Assets.xcassets in Resources */ = {isa = PBXBuildFile; fileRef = E84E526B24852CEE00715531 /* Assets.xcassets */; };
		E84E526F24852CEE00715531 /* LaunchScreen.storyboard in Resources */ = {isa = PBXBuildFile; fileRef = E84E526D24852CEE00715531 /* LaunchScreen.storyboard */; };
		E84E5278248535FA00715531 /* myriad-set-pro_text.ttf in Resources */ = {isa = PBXBuildFile; fileRef = E84E5277248535F700715531 /* myriad-set-pro_text.ttf */; };
		E8AF450C24B35EC20031ADB3 /* HomeViewModel.swift in Sources */ = {isa = PBXBuildFile; fileRef = E8AF450B24B35EC20031ADB3 /* HomeViewModel.swift */; };
		E8BAFF5424ABA75200F80DA2 /* ViewConfiguration.swift in Sources */ = {isa = PBXBuildFile; fileRef = E8BAFF5324ABA75200F80DA2 /* ViewConfiguration.swift */; };
		E8BAFF5624ABA85600F80DA2 /* ExtensionUIColor.swift in Sources */ = {isa = PBXBuildFile; fileRef = E8BAFF5524ABA85600F80DA2 /* ExtensionUIColor.swift */; };
		E8BAFF5924ABAA0D00F80DA2 /* CustomButton.swift in Sources */ = {isa = PBXBuildFile; fileRef = E8BAFF5824ABAA0D00F80DA2 /* CustomButton.swift */; };
		E9CE4DCBE859BB4A521AD3B1 /* Pods_SwiftQuiz.framework in Frameworks */ = {isa = PBXBuildFile; fileRef = 11CF4ADCA2EE13BB46358079 /* Pods_SwiftQuiz.framework */; };
/* End PBXBuildFile section */

/* Begin PBXFileReference section */
		11CF4ADCA2EE13BB46358079 /* Pods_SwiftQuiz.framework */ = {isa = PBXFileReference; explicitFileType = wrapper.framework; includeInIndex = 0; path = Pods_SwiftQuiz.framework; sourceTree = BUILT_PRODUCTS_DIR; };
		51DE6CAAA9E66CB0AF4F72F2 /* Pods-SwiftQuiz.release.xcconfig */ = {isa = PBXFileReference; includeInIndex = 1; lastKnownFileType = text.xcconfig; name = "Pods-SwiftQuiz.release.xcconfig"; path = "Target Support Files/Pods-SwiftQuiz/Pods-SwiftQuiz.release.xcconfig"; sourceTree = "<group>"; };
		CF7217DF24881D47003A2FE3 /* Question.swift */ = {isa = PBXFileReference; lastKnownFileType = sourcecode.swift; path = Question.swift; sourceTree = "<group>"; };
		CF7217E124881DF3003A2FE3 /* QuestionAPI.swift */ = {isa = PBXFileReference; lastKnownFileType = sourcecode.swift; path = QuestionAPI.swift; sourceTree = "<group>"; };
		CF7217E324882C3A003A2FE3 /* QuizViewController.swift */ = {isa = PBXFileReference; lastKnownFileType = sourcecode.swift; path = QuizViewController.swift; sourceTree = "<group>"; };
		CF7217E524882C7E003A2FE3 /* ResultViewController.swift */ = {isa = PBXFileReference; lastKnownFileType = sourcecode.swift; path = ResultViewController.swift; sourceTree = "<group>"; };
		CF7CF839248C077700623EDB /* QuestionManager.swift */ = {isa = PBXFileReference; lastKnownFileType = sourcecode.swift; path = QuestionManager.swift; sourceTree = "<group>"; };
		D7E95761F7E8A4C6A9F02637 /* Pods-SwiftQuiz.debug.xcconfig */ = {isa = PBXFileReference; includeInIndex = 1; lastKnownFileType = text.xcconfig; name = "Pods-SwiftQuiz.debug.xcconfig"; path = "Target Support Files/Pods-SwiftQuiz/Pods-SwiftQuiz.debug.xcconfig"; sourceTree = "<group>"; };
		E811923724ACBA6F00ABECA5 /* CustomLabel.swift */ = {isa = PBXFileReference; lastKnownFileType = sourcecode.swift; path = CustomLabel.swift; sourceTree = "<group>"; };
		E811923924ACFF2700ABECA5 /* CustomButtonOptions.swift */ = {isa = PBXFileReference; lastKnownFileType = sourcecode.swift; path = CustomButtonOptions.swift; sourceTree = "<group>"; };
		E811923B24AD135300ABECA5 /* QuizViewModel.swift */ = {isa = PBXFileReference; lastKnownFileType = sourcecode.swift; path = QuizViewModel.swift; sourceTree = "<group>"; };
		E84E525C24852CEE00715531 /* SwiftQuiz.app */ = {isa = PBXFileReference; explicitFileType = wrapper.application; includeInIndex = 0; path = SwiftQuiz.app; sourceTree = BUILT_PRODUCTS_DIR; };
		E84E525F24852CEE00715531 /* AppDelegate.swift */ = {isa = PBXFileReference; lastKnownFileType = sourcecode.swift; path = AppDelegate.swift; sourceTree = "<group>"; };
		E84E526124852CEE00715531 /* SceneDelegate.swift */ = {isa = PBXFileReference; lastKnownFileType = sourcecode.swift; path = SceneDelegate.swift; sourceTree = "<group>"; };
		E84E526324852CEE00715531 /* HomeViewController.swift */ = {isa = PBXFileReference; lastKnownFileType = sourcecode.swift; path = HomeViewController.swift; sourceTree = "<group>"; };
		E84E526924852CEE00715531 /* SwiftQuiz.xcdatamodel */ = {isa = PBXFileReference; lastKnownFileType = wrapper.xcdatamodel; path = SwiftQuiz.xcdatamodel; sourceTree = "<group>"; };
		E84E526B24852CEE00715531 /* Assets.xcassets */ = {isa = PBXFileReference; lastKnownFileType = folder.assetcatalog; path = Assets.xcassets; sourceTree = "<group>"; };
		E84E526E24852CEE00715531 /* Base */ = {isa = PBXFileReference; lastKnownFileType = file.storyboard; name = Base; path = Base.lproj/LaunchScreen.storyboard; sourceTree = "<group>"; };
		E84E527024852CEE00715531 /* Info.plist */ = {isa = PBXFileReference; lastKnownFileType = text.plist.xml; path = Info.plist; sourceTree = "<group>"; };
		E84E5277248535F700715531 /* myriad-set-pro_text.ttf */ = {isa = PBXFileReference; lastKnownFileType = file; path = "myriad-set-pro_text.ttf"; sourceTree = "<group>"; };
		E8AF450B24B35EC20031ADB3 /* HomeViewModel.swift */ = {isa = PBXFileReference; lastKnownFileType = sourcecode.swift; path = HomeViewModel.swift; sourceTree = "<group>"; };
		E8BAFF5324ABA75200F80DA2 /* ViewConfiguration.swift */ = {isa = PBXFileReference; lastKnownFileType = sourcecode.swift; path = ViewConfiguration.swift; sourceTree = "<group>"; };
		E8BAFF5524ABA85600F80DA2 /* ExtensionUIColor.swift */ = {isa = PBXFileReference; lastKnownFileType = sourcecode.swift; path = ExtensionUIColor.swift; sourceTree = "<group>"; };
		E8BAFF5824ABAA0D00F80DA2 /* CustomButton.swift */ = {isa = PBXFileReference; lastKnownFileType = sourcecode.swift; path = CustomButton.swift; sourceTree = "<group>"; };
/* End PBXFileReference section */

/* Begin PBXFrameworksBuildPhase section */
		E84E525924852CEE00715531 /* Frameworks */ = {
			isa = PBXFrameworksBuildPhase;
			buildActionMask = 2147483647;
			files = (
				E9CE4DCBE859BB4A521AD3B1 /* Pods_SwiftQuiz.framework in Frameworks */,
			);
			runOnlyForDeploymentPostprocessing = 0;
		};
/* End PBXFrameworksBuildPhase section */

/* Begin PBXGroup section */
		0A007FAE0CDC11600BD2CE9E /* Frameworks */ = {
			isa = PBXGroup;
			children = (
				11CF4ADCA2EE13BB46358079 /* Pods_SwiftQuiz.framework */,
			);
			name = Frameworks;
			sourceTree = "<group>";
		};
		CF4136DB248FD4B7000F08E8 /* Model */ = {
			isa = PBXGroup;
			children = (
				CF7CF839248C077700623EDB /* QuestionManager.swift */,
				CF7217DF24881D47003A2FE3 /* Question.swift */,
			);
			path = Model;
			sourceTree = "<group>";
		};
		CF4136DC248FD4C0000F08E8 /* View */ = {
			isa = PBXGroup;
			children = (
				E84E526D24852CEE00715531 /* LaunchScreen.storyboard */,
			);
			path = View;
			sourceTree = "<group>";
		};
		CF4136DD248FD4C8000F08E8 /* Controller */ = {
			isa = PBXGroup;
			children = (
				E84E526324852CEE00715531 /* HomeViewController.swift */,
				CF7217E324882C3A003A2FE3 /* QuizViewController.swift */,
				CF7217E524882C7E003A2FE3 /* ResultViewController.swift */,
				E8BAFF5724ABA9EE00F80DA2 /* Component */,
			);
			path = Controller;
			sourceTree = "<group>";
		};
		CF4136DE248FD4F9000F08E8 /* Services */ = {
			isa = PBXGroup;
			children = (
				CF7217E124881DF3003A2FE3 /* QuestionAPI.swift */,
			);
			path = Services;
			sourceTree = "<group>";
		};
		E84E525324852CEE00715531 = {
			isa = PBXGroup;
			children = (
				E84E525E24852CEE00715531 /* SwiftQuiz */,
				E84E5276248535E700715531 /* Resources */,
				E84E525D24852CEE00715531 /* Products */,
				F34DDBC33424753B81DDA30F /* Pods */,
				0A007FAE0CDC11600BD2CE9E /* Frameworks */,
			);
			sourceTree = "<group>";
		};
		E84E525D24852CEE00715531 /* Products */ = {
			isa = PBXGroup;
			children = (
				E84E525C24852CEE00715531 /* SwiftQuiz.app */,
			);
			name = Products;
			sourceTree = "<group>";
		};
		E84E525E24852CEE00715531 /* SwiftQuiz */ = {
			isa = PBXGroup;
			children = (
				CF4136DB248FD4B7000F08E8 /* Model */,
				CF4136DC248FD4C0000F08E8 /* View */,
				E8BAFF5124ABA55C00F80DA2 /* ViewModel */,
				CF4136DD248FD4C8000F08E8 /* Controller */,
				CF4136DE248FD4F9000F08E8 /* Services */,
				E8BAFF5224ABA74100F80DA2 /* Util */,
				E84E525F24852CEE00715531 /* AppDelegate.swift */,
				E84E526124852CEE00715531 /* SceneDelegate.swift */,
				E84E526B24852CEE00715531 /* Assets.xcassets */,
				E84E527024852CEE00715531 /* Info.plist */,
				E84E526824852CEE00715531 /* SwiftQuiz.xcdatamodeld */,
			);
			path = SwiftQuiz;
			sourceTree = "<group>";
		};
		E84E5276248535E700715531 /* Resources */ = {
			isa = PBXGroup;
			children = (
				E84E5277248535F700715531 /* myriad-set-pro_text.ttf */,
			);
			path = Resources;
			sourceTree = "<group>";
		};
		E8BAFF5124ABA55C00F80DA2 /* ViewModel */ = {
			isa = PBXGroup;
			children = (
				E8AF450B24B35EC20031ADB3 /* HomeViewModel.swift */,
				E811923B24AD135300ABECA5 /* QuizViewModel.swift */,
			);
			path = ViewModel;
			sourceTree = "<group>";
		};
		E8BAFF5224ABA74100F80DA2 /* Util */ = {
			isa = PBXGroup;
			children = (
				E8BAFF5324ABA75200F80DA2 /* ViewConfiguration.swift */,
				E8BAFF5524ABA85600F80DA2 /* ExtensionUIColor.swift */,
			);
			path = Util;
			sourceTree = "<group>";
		};
		E8BAFF5724ABA9EE00F80DA2 /* Component */ = {
			isa = PBXGroup;
			children = (
				E8BAFF5824ABAA0D00F80DA2 /* CustomButton.swift */,
				E811923724ACBA6F00ABECA5 /* CustomLabel.swift */,
				E811923924ACFF2700ABECA5 /* CustomButtonOptions.swift */,
			);
			path = Component;
			sourceTree = "<group>";
		};
		F34DDBC33424753B81DDA30F /* Pods */ = {
			isa = PBXGroup;
			children = (
				D7E95761F7E8A4C6A9F02637 /* Pods-SwiftQuiz.debug.xcconfig */,
				51DE6CAAA9E66CB0AF4F72F2 /* Pods-SwiftQuiz.release.xcconfig */,
			);
			path = Pods;
			sourceTree = "<group>";
		};
/* End PBXGroup section */

/* Begin PBXNativeTarget section */
		E84E525B24852CEE00715531 /* SwiftQuiz */ = {
			isa = PBXNativeTarget;
			buildConfigurationList = E84E527324852CEE00715531 /* Build configuration list for PBXNativeTarget "SwiftQuiz" */;
			buildPhases = (
				4BEA5EA2C66044B7C3FE3434 /* [CP] Check Pods Manifest.lock */,
				E84E525824852CEE00715531 /* Sources */,
				E84E525924852CEE00715531 /* Frameworks */,
				E84E525A24852CEE00715531 /* Resources */,
				F7C5F82369EAD43A6B76FBE7 /* [CP] Embed Pods Frameworks */,
			);
			buildRules = (
			);
			dependencies = (
			);
			name = SwiftQuiz;
			productName = SwiftQuiz;
			productReference = E84E525C24852CEE00715531 /* SwiftQuiz.app */;
			productType = "com.apple.product-type.application";
		};
/* End PBXNativeTarget section */

/* Begin PBXProject section */
		E84E525424852CEE00715531 /* Project object */ = {
			isa = PBXProject;
			attributes = {
				LastSwiftUpdateCheck = 1130;
				LastUpgradeCheck = 1130;
				ORGANIZATIONNAME = "João Luis dos Santos";
				TargetAttributes = {
					E84E525B24852CEE00715531 = {
						CreatedOnToolsVersion = 11.3.1;
					};
				};
			};
			buildConfigurationList = E84E525724852CEE00715531 /* Build configuration list for PBXProject "SwiftQuiz" */;
			compatibilityVersion = "Xcode 9.3";
			developmentRegion = en;
			hasScannedForEncodings = 0;
			knownRegions = (
				en,
				Base,
			);
			mainGroup = E84E525324852CEE00715531;
			productRefGroup = E84E525D24852CEE00715531 /* Products */;
			projectDirPath = "";
			projectRoot = "";
			targets = (
				E84E525B24852CEE00715531 /* SwiftQuiz */,
			);
		};
/* End PBXProject section */

/* Begin PBXResourcesBuildPhase section */
		E84E525A24852CEE00715531 /* Resources */ = {
			isa = PBXResourcesBuildPhase;
			buildActionMask = 2147483647;
			files = (
				E84E5278248535FA00715531 /* myriad-set-pro_text.ttf in Resources */,
				E84E526F24852CEE00715531 /* LaunchScreen.storyboard in Resources */,
				E84E526C24852CEE00715531 /* Assets.xcassets in Resources */,
			);
			runOnlyForDeploymentPostprocessing = 0;
		};
/* End PBXResourcesBuildPhase section */

/* Begin PBXShellScriptBuildPhase section */
		4BEA5EA2C66044B7C3FE3434 /* [CP] Check Pods Manifest.lock */ = {
			isa = PBXShellScriptBuildPhase;
			buildActionMask = 2147483647;
			files = (
			);
			inputFileListPaths = (
			);
			inputPaths = (
				"${PODS_PODFILE_DIR_PATH}/Podfile.lock",
				"${PODS_ROOT}/Manifest.lock",
			);
			name = "[CP] Check Pods Manifest.lock";
			outputFileListPaths = (
			);
			outputPaths = (
				"$(DERIVED_FILE_DIR)/Pods-SwiftQuiz-checkManifestLockResult.txt",
			);
			runOnlyForDeploymentPostprocessing = 0;
			shellPath = /bin/sh;
			shellScript = "diff \"${PODS_PODFILE_DIR_PATH}/Podfile.lock\" \"${PODS_ROOT}/Manifest.lock\" > /dev/null\nif [ $? != 0 ] ; then\n    # print error to STDERR\n    echo \"error: The sandbox is not in sync with the Podfile.lock. Run 'pod install' or update your CocoaPods installation.\" >&2\n    exit 1\nfi\n# This output is used by Xcode 'outputs' to avoid re-running this script phase.\necho \"SUCCESS\" > \"${SCRIPT_OUTPUT_FILE_0}\"\n";
			showEnvVarsInLog = 0;
		};
		F7C5F82369EAD43A6B76FBE7 /* [CP] Embed Pods Frameworks */ = {
			isa = PBXShellScriptBuildPhase;
			buildActionMask = 2147483647;
			files = (
			);
			inputFileListPaths = (
				"${PODS_ROOT}/Target Support Files/Pods-SwiftQuiz/Pods-SwiftQuiz-frameworks-${CONFIGURATION}-input-files.xcfilelist",
			);
			name = "[CP] Embed Pods Frameworks";
			outputFileListPaths = (
				"${PODS_ROOT}/Target Support Files/Pods-SwiftQuiz/Pods-SwiftQuiz-frameworks-${CONFIGURATION}-output-files.xcfilelist",
			);
			runOnlyForDeploymentPostprocessing = 0;
			shellPath = /bin/sh;
			shellScript = "\"${PODS_ROOT}/Target Support Files/Pods-SwiftQuiz/Pods-SwiftQuiz-frameworks.sh\"\n";
			showEnvVarsInLog = 0;
		};
/* End PBXShellScriptBuildPhase section */

/* Begin PBXSourcesBuildPhase section */
		E84E525824852CEE00715531 /* Sources */ = {
			isa = PBXSourcesBuildPhase;
			buildActionMask = 2147483647;
			files = (
				CF7217E024881D47003A2FE3 /* Question.swift in Sources */,
				CF7217E424882C3A003A2FE3 /* QuizViewController.swift in Sources */,
				E8BAFF5624ABA85600F80DA2 /* ExtensionUIColor.swift in Sources */,
				E8AF450C24B35EC20031ADB3 /* HomeViewModel.swift in Sources */,
				E811923C24AD135300ABECA5 /* QuizViewModel.swift in Sources */,
				E84E526A24852CEE00715531 /* SwiftQuiz.xcdatamodeld in Sources */,
				E8BAFF5424ABA75200F80DA2 /* ViewConfiguration.swift in Sources */,
				CF7217E624882C7E003A2FE3 /* ResultViewController.swift in Sources */,
				CF7217E224881DF3003A2FE3 /* QuestionAPI.swift in Sources */,
				CF7CF83A248C077700623EDB /* QuestionManager.swift in Sources */,
				E8BAFF5924ABAA0D00F80DA2 /* CustomButton.swift in Sources */,
				E811923A24ACFF2700ABECA5 /* CustomButtonOptions.swift in Sources */,
				E811923824ACBA6F00ABECA5 /* CustomLabel.swift in Sources */,
				E84E526424852CEE00715531 /* HomeViewController.swift in Sources */,
				E84E526024852CEE00715531 /* AppDelegate.swift in Sources */,
				E84E526224852CEE00715531 /* SceneDelegate.swift in Sources */,
			);
			runOnlyForDeploymentPostprocessing = 0;
		};
/* End PBXSourcesBuildPhase section */

/* Begin PBXVariantGroup section */
		E84E526D24852CEE00715531 /* LaunchScreen.storyboard */ = {
			isa = PBXVariantGroup;
			children = (
				E84E526E24852CEE00715531 /* Base */,
			);
			name = LaunchScreen.storyboard;
			sourceTree = "<group>";
		};
/* End PBXVariantGroup section */

/* Begin XCBuildConfiguration section */
		E84E527124852CEE00715531 /* Debug */ = {
			isa = XCBuildConfiguration;
			buildSettings = {
				ALWAYS_SEARCH_USER_PATHS = NO;
				CLANG_ANALYZER_NONNULL = YES;
				CLANG_ANALYZER_NUMBER_OBJECT_CONVERSION = YES_AGGRESSIVE;
				CLANG_CXX_LANGUAGE_STANDARD = "gnu++14";
				CLANG_CXX_LIBRARY = "libc++";
				CLANG_ENABLE_MODULES = YES;
				CLANG_ENABLE_OBJC_ARC = YES;
				CLANG_ENABLE_OBJC_WEAK = YES;
				CLANG_WARN_BLOCK_CAPTURE_AUTORELEASING = YES;
				CLANG_WARN_BOOL_CONVERSION = YES;
				CLANG_WARN_COMMA = YES;
				CLANG_WARN_CONSTANT_CONVERSION = YES;
				CLANG_WARN_DEPRECATED_OBJC_IMPLEMENTATIONS = YES;
				CLANG_WARN_DIRECT_OBJC_ISA_USAGE = YES_ERROR;
				CLANG_WARN_DOCUMENTATION_COMMENTS = YES;
				CLANG_WARN_EMPTY_BODY = YES;
				CLANG_WARN_ENUM_CONVERSION = YES;
				CLANG_WARN_INFINITE_RECURSION = YES;
				CLANG_WARN_INT_CONVERSION = YES;
				CLANG_WARN_NON_LITERAL_NULL_CONVERSION = YES;
				CLANG_WARN_OBJC_IMPLICIT_RETAIN_SELF = YES;
				CLANG_WARN_OBJC_LITERAL_CONVERSION = YES;
				CLANG_WARN_OBJC_ROOT_CLASS = YES_ERROR;
				CLANG_WARN_RANGE_LOOP_ANALYSIS = YES;
				CLANG_WARN_STRICT_PROTOTYPES = YES;
				CLANG_WARN_SUSPICIOUS_MOVE = YES;
				CLANG_WARN_UNGUARDED_AVAILABILITY = YES_AGGRESSIVE;
				CLANG_WARN_UNREACHABLE_CODE = YES;
				CLANG_WARN__DUPLICATE_METHOD_MATCH = YES;
				COPY_PHASE_STRIP = NO;
				DEBUG_INFORMATION_FORMAT = dwarf;
				ENABLE_STRICT_OBJC_MSGSEND = YES;
				ENABLE_TESTABILITY = YES;
				GCC_C_LANGUAGE_STANDARD = gnu11;
				GCC_DYNAMIC_NO_PIC = NO;
				GCC_NO_COMMON_BLOCKS = YES;
				GCC_OPTIMIZATION_LEVEL = 0;
				GCC_PREPROCESSOR_DEFINITIONS = (
					"DEBUG=1",
					"$(inherited)",
				);
				GCC_WARN_64_TO_32_BIT_CONVERSION = YES;
				GCC_WARN_ABOUT_RETURN_TYPE = YES_ERROR;
				GCC_WARN_UNDECLARED_SELECTOR = YES;
				GCC_WARN_UNINITIALIZED_AUTOS = YES_AGGRESSIVE;
				GCC_WARN_UNUSED_FUNCTION = YES;
				GCC_WARN_UNUSED_VARIABLE = YES;
				IPHONEOS_DEPLOYMENT_TARGET = 13.2;
				MTL_ENABLE_DEBUG_INFO = INCLUDE_SOURCE;
				MTL_FAST_MATH = YES;
				ONLY_ACTIVE_ARCH = YES;
				SDKROOT = iphoneos;
				SWIFT_ACTIVE_COMPILATION_CONDITIONS = DEBUG;
				SWIFT_OPTIMIZATION_LEVEL = "-Onone";
			};
			name = Debug;
		};
		E84E527224852CEE00715531 /* Release */ = {
			isa = XCBuildConfiguration;
			buildSettings = {
				ALWAYS_SEARCH_USER_PATHS = NO;
				CLANG_ANALYZER_NONNULL = YES;
				CLANG_ANALYZER_NUMBER_OBJECT_CONVERSION = YES_AGGRESSIVE;
				CLANG_CXX_LANGUAGE_STANDARD = "gnu++14";
				CLANG_CXX_LIBRARY = "libc++";
				CLANG_ENABLE_MODULES = YES;
				CLANG_ENABLE_OBJC_ARC = YES;
				CLANG_ENABLE_OBJC_WEAK = YES;
				CLANG_WARN_BLOCK_CAPTURE_AUTORELEASING = YES;
				CLANG_WARN_BOOL_CONVERSION = YES;
				CLANG_WARN_COMMA = YES;
				CLANG_WARN_CONSTANT_CONVERSION = YES;
				CLANG_WARN_DEPRECATED_OBJC_IMPLEMENTATIONS = YES;
				CLANG_WARN_DIRECT_OBJC_ISA_USAGE = YES_ERROR;
				CLANG_WARN_DOCUMENTATION_COMMENTS = YES;
				CLANG_WARN_EMPTY_BODY = YES;
				CLANG_WARN_ENUM_CONVERSION = YES;
				CLANG_WARN_INFINITE_RECURSION = YES;
				CLANG_WARN_INT_CONVERSION = YES;
				CLANG_WARN_NON_LITERAL_NULL_CONVERSION = YES;
				CLANG_WARN_OBJC_IMPLICIT_RETAIN_SELF = YES;
				CLANG_WARN_OBJC_LITERAL_CONVERSION = YES;
				CLANG_WARN_OBJC_ROOT_CLASS = YES_ERROR;
				CLANG_WARN_RANGE_LOOP_ANALYSIS = YES;
				CLANG_WARN_STRICT_PROTOTYPES = YES;
				CLANG_WARN_SUSPICIOUS_MOVE = YES;
				CLANG_WARN_UNGUARDED_AVAILABILITY = YES_AGGRESSIVE;
				CLANG_WARN_UNREACHABLE_CODE = YES;
				CLANG_WARN__DUPLICATE_METHOD_MATCH = YES;
				COPY_PHASE_STRIP = NO;
				DEBUG_INFORMATION_FORMAT = "dwarf-with-dsym";
				ENABLE_NS_ASSERTIONS = NO;
				ENABLE_STRICT_OBJC_MSGSEND = YES;
				GCC_C_LANGUAGE_STANDARD = gnu11;
				GCC_NO_COMMON_BLOCKS = YES;
				GCC_WARN_64_TO_32_BIT_CONVERSION = YES;
				GCC_WARN_ABOUT_RETURN_TYPE = YES_ERROR;
				GCC_WARN_UNDECLARED_SELECTOR = YES;
				GCC_WARN_UNINITIALIZED_AUTOS = YES_AGGRESSIVE;
				GCC_WARN_UNUSED_FUNCTION = YES;
				GCC_WARN_UNUSED_VARIABLE = YES;
				IPHONEOS_DEPLOYMENT_TARGET = 13.2;
				MTL_ENABLE_DEBUG_INFO = NO;
				MTL_FAST_MATH = YES;
				SDKROOT = iphoneos;
				SWIFT_COMPILATION_MODE = wholemodule;
				SWIFT_OPTIMIZATION_LEVEL = "-O";
				VALIDATE_PRODUCT = YES;
			};
			name = Release;
		};
		E84E527424852CEE00715531 /* Debug */ = {
			isa = XCBuildConfiguration;
			baseConfigurationReference = D7E95761F7E8A4C6A9F02637 /* Pods-SwiftQuiz.debug.xcconfig */;
			buildSettings = {
				ASSETCATALOG_COMPILER_APPICON_NAME = AppIcon;
				CODE_SIGN_STYLE = Automatic;
				DEVELOPMENT_TEAM = 4FGAJ25MKJ;
				INFOPLIST_FILE = SwiftQuiz/Info.plist;
				IPHONEOS_DEPLOYMENT_TARGET = 13.2;
				LD_RUNPATH_SEARCH_PATHS = (
					"$(inherited)",
					"@executable_path/Frameworks",
				);
				PRODUCT_BUNDLE_IDENTIFIER = br.com.joao.SwiftQuiz;
				PRODUCT_NAME = "$(TARGET_NAME)";
				SWIFT_VERSION = 5.0;
				TARGETED_DEVICE_FAMILY = 1;
			};
			name = Debug;
		};
		E84E527524852CEE00715531 /* Release */ = {
			isa = XCBuildConfiguration;
			baseConfigurationReference = 51DE6CAAA9E66CB0AF4F72F2 /* Pods-SwiftQuiz.release.xcconfig */;
			buildSettings = {
				ASSETCATALOG_COMPILER_APPICON_NAME = AppIcon;
				CODE_SIGN_STYLE = Automatic;
				DEVELOPMENT_TEAM = 4FGAJ25MKJ;
				INFOPLIST_FILE = SwiftQuiz/Info.plist;
				IPHONEOS_DEPLOYMENT_TARGET = 13.2;
				LD_RUNPATH_SEARCH_PATHS = (
					"$(inherited)",
					"@executable_path/Frameworks",
				);
				PRODUCT_BUNDLE_IDENTIFIER = br.com.joao.SwiftQuiz;
				PRODUCT_NAME = "$(TARGET_NAME)";
				SWIFT_VERSION = 5.0;
				TARGETED_DEVICE_FAMILY = 1;
			};
			name = Release;
		};
/* End XCBuildConfiguration section */

/* Begin XCConfigurationList section */
		E84E525724852CEE00715531 /* Build configuration list for PBXProject "SwiftQuiz" */ = {
			isa = XCConfigurationList;
			buildConfigurations = (
				E84E527124852CEE00715531 /* Debug */,
				E84E527224852CEE00715531 /* Release */,
			);
			defaultConfigurationIsVisible = 0;
			defaultConfigurationName = Release;
		};
		E84E527324852CEE00715531 /* Build configuration list for PBXNativeTarget "SwiftQuiz" */ = {
			isa = XCConfigurationList;
			buildConfigurations = (
				E84E527424852CEE00715531 /* Debug */,
				E84E527524852CEE00715531 /* Release */,
			);
			defaultConfigurationIsVisible = 0;
			defaultConfigurationName = Release;
		};
/* End XCConfigurationList section */

/* Begin XCVersionGroup section */
		E84E526824852CEE00715531 /* SwiftQuiz.xcdatamodeld */ = {
			isa = XCVersionGroup;
			children = (
				E84E526924852CEE00715531 /* SwiftQuiz.xcdatamodel */,
			);
			currentVersion = E84E526924852CEE00715531 /* SwiftQuiz.xcdatamodel */;
			path = SwiftQuiz.xcdatamodeld;
			sourceTree = "<group>";
			versionGroupType = wrapper.xcdatamodel;
		};
/* End XCVersionGroup section */
	};
	rootObject = E84E525424852CEE00715531 /* Project object */;
}
