// !$*UTF8*$!
{
	archiveVersion = 1;
	classes = {
	};
	objectVersion = 51;
	objects = {

/* Begin PBXBuildFile section */
		53FE0F7D60F76BCDD913ED28 /* Pods_SwiftQuiz.framework in Frameworks */ = {isa = PBXBuildFile; fileRef = CE6F7C91CC2DE0A02FB32943 /* Pods_SwiftQuiz.framework */; };
		B5CDEC4ADF7400DF1D21AB4A /* libPods-SwiftQuizTests.a in Frameworks */ = {isa = PBXBuildFile; fileRef = 0E779A92970CB905E5325B17 /* libPods-SwiftQuizTests.a */; };
		CF7217E024881D47003A2FE3 /* Question.swift in Sources */ = {isa = PBXBuildFile; fileRef = CF7217DF24881D47003A2FE3 /* Question.swift */; };
		CF7217E224881DF3003A2FE3 /* QuestionAPI.swift in Sources */ = {isa = PBXBuildFile; fileRef = CF7217E124881DF3003A2FE3 /* QuestionAPI.swift */; };
		CFD0B51F2598D3B8004A6CD8 /* quiz.png in Resources */ = {isa = PBXBuildFile; fileRef = CFD0B51C2598D3B8004A6CD8 /* quiz.png */; };
		CFD0B5202598D3B8004A6CD8 /* main.png in Resources */ = {isa = PBXBuildFile; fileRef = CFD0B51D2598D3B8004A6CD8 /* main.png */; };
		CFD0B5212598D3B8004A6CD8 /* end.png in Resources */ = {isa = PBXBuildFile; fileRef = CFD0B51E2598D3B8004A6CD8 /* end.png */; };
		E809959F24BCA96400B695AC /* ExtensionUIColor.swift in Sources */ = {isa = PBXBuildFile; fileRef = E809959E24BCA96400B695AC /* ExtensionUIColor.swift */; };
		E80995A124BCAA5E00B695AC /* (null) in Embed Frameworks */ = {isa = PBXBuildFile; settings = {ATTRIBUTES = (CodeSignOnCopy, RemoveHeadersOnCopy, ); }; };
		E80995A524BCAA7400B695AC /* (null) in Embed Frameworks */ = {isa = PBXBuildFile; settings = {ATTRIBUTES = (CodeSignOnCopy, RemoveHeadersOnCopy, ); }; };
		E81CE34024B90C5E000362B5 /* Result.swift in Sources */ = {isa = PBXBuildFile; fileRef = E81CE33F24B90C5E000362B5 /* Result.swift */; };
		E81CE36124B90DAC000362B5 /* LaunchScreen.storyboard in Resources */ = {isa = PBXBuildFile; fileRef = E81CE34F24B90DAC000362B5 /* LaunchScreen.storyboard */; };
		E81CE36224B90DAC000362B5 /* HomeViewModel.swift in Sources */ = {isa = PBXBuildFile; fileRef = E81CE35324B90DAC000362B5 /* HomeViewModel.swift */; };
		E81CE36324B90DAC000362B5 /* HomeViewController.swift in Sources */ = {isa = PBXBuildFile; fileRef = E81CE35424B90DAC000362B5 /* HomeViewController.swift */; };
		E81CE36424B90DAC000362B5 /* ResultViewModel.swift in Sources */ = {isa = PBXBuildFile; fileRef = E81CE35724B90DAC000362B5 /* ResultViewModel.swift */; };
		E81CE36524B90DAC000362B5 /* ResultViewController.swift in Sources */ = {isa = PBXBuildFile; fileRef = E81CE35824B90DAC000362B5 /* ResultViewController.swift */; };
		E81CE36624B90DAC000362B5 /* QuizViewModel.swift in Sources */ = {isa = PBXBuildFile; fileRef = E81CE35B24B90DAC000362B5 /* QuizViewModel.swift */; };
		E81CE36724B90DAC000362B5 /* QuizViewController.swift in Sources */ = {isa = PBXBuildFile; fileRef = E81CE35C24B90DAC000362B5 /* QuizViewController.swift */; };
		E81CE36824B90DAC000362B5 /* CustomButtonOptions.swift in Sources */ = {isa = PBXBuildFile; fileRef = E81CE35E24B90DAC000362B5 /* CustomButtonOptions.swift */; };
		E81CE36924B90DAC000362B5 /* CustomButton.swift in Sources */ = {isa = PBXBuildFile; fileRef = E81CE35F24B90DAC000362B5 /* CustomButton.swift */; };
		E81CE36A24B90DAC000362B5 /* CustomLabel.swift in Sources */ = {isa = PBXBuildFile; fileRef = E81CE36024B90DAC000362B5 /* CustomLabel.swift */; };
		E81CE36D24B90E65000362B5 /* myriad-set-pro_text.ttf in Resources */ = {isa = PBXBuildFile; fileRef = E81CE36C24B90E65000362B5 /* myriad-set-pro_text.ttf */; };
		E84E526024852CEE00715531 /* AppDelegate.swift in Sources */ = {isa = PBXBuildFile; fileRef = E84E525F24852CEE00715531 /* AppDelegate.swift */; };
		E84E526C24852CEE00715531 /* Assets.xcassets in Resources */ = {isa = PBXBuildFile; fileRef = E84E526B24852CEE00715531 /* Assets.xcassets */; };
		E86293B3259BA04900A1745A /* array.json in Resources */ = {isa = PBXBuildFile; fileRef = E86293B2259BA04900A1745A /* array.json */; };
		E86293BC259BA08200A1745A /* QuestionModelTests.swift in Sources */ = {isa = PBXBuildFile; fileRef = E86293BB259BA08200A1745A /* QuestionModelTests.swift */; };
		E86293C4259BA1DE00A1745A /* question.json in Resources */ = {isa = PBXBuildFile; fileRef = E86293C3259BA1DE00A1745A /* question.json */; };
		E86293C6259BAAE300A1745A /* QuestioAPITests.swift in Sources */ = {isa = PBXBuildFile; fileRef = E86293C5259BAAE300A1745A /* QuestioAPITests.swift */; };
		E86293C8259BB05F00A1745A /* HomeViewControllerTests.swift in Sources */ = {isa = PBXBuildFile; fileRef = E86293C7259BB05F00A1745A /* HomeViewControllerTests.swift */; };
		E86293CA259BCAFB00A1745A /* QuizViewModelTests.swift in Sources */ = {isa = PBXBuildFile; fileRef = E86293C9259BCAFB00A1745A /* QuizViewModelTests.swift */; };
		E89CC941259B5E81002D38B8 /* HomeView.swift in Sources */ = {isa = PBXBuildFile; fileRef = E89CC940259B5E81002D38B8 /* HomeView.swift */; };
		E89CC943259B68AE002D38B8 /* QuizView.swift in Sources */ = {isa = PBXBuildFile; fileRef = E89CC942259B68AE002D38B8 /* QuizView.swift */; };
		E89CC945259B7B3D002D38B8 /* ResultView.swift in Sources */ = {isa = PBXBuildFile; fileRef = E89CC944259B7B3D002D38B8 /* ResultView.swift */; };
		E89CC947259B828B002D38B8 /* GenericsProtocols.swift in Sources */ = {isa = PBXBuildFile; fileRef = E89CC946259B828B002D38B8 /* GenericsProtocols.swift */; };
		E8AD8182259E63CE00314FFA /* HomeViewModelTests.swift in Sources */ = {isa = PBXBuildFile; fileRef = E8AD8181259E63CE00314FFA /* HomeViewModelTests.swift */; };
		E8BAFF5424ABA75200F80DA2 /* ViewConfiguration.swift in Sources */ = {isa = PBXBuildFile; fileRef = E8BAFF5324ABA75200F80DA2 /* ViewConfiguration.swift */; };
/* End PBXBuildFile section */

/* Begin PBXContainerItemProxy section */
		E86293BE259BA08200A1745A /* PBXContainerItemProxy */ = {
			isa = PBXContainerItemProxy;
			containerPortal = E84E525424852CEE00715531 /* Project object */;
			proxyType = 1;
			remoteGlobalIDString = E84E525B24852CEE00715531;
			remoteInfo = SwiftQuiz;
		};
/* End PBXContainerItemProxy section */

/* Begin PBXCopyFilesBuildPhase section */
		E80995A224BCAA5E00B695AC /* Embed Frameworks */ = {
			isa = PBXCopyFilesBuildPhase;
			buildActionMask = 2147483647;
			dstPath = "";
			dstSubfolderSpec = 10;
			files = (
				E80995A124BCAA5E00B695AC /* (null) in Embed Frameworks */,
				E80995A524BCAA7400B695AC /* (null) in Embed Frameworks */,
			);
			name = "Embed Frameworks";
			runOnlyForDeploymentPostprocessing = 0;
		};
/* End PBXCopyFilesBuildPhase section */

/* Begin PBXFileReference section */
		0E779A92970CB905E5325B17 /* libPods-SwiftQuizTests.a */ = {isa = PBXFileReference; explicitFileType = archive.ar; includeInIndex = 0; path = "libPods-SwiftQuizTests.a"; sourceTree = BUILT_PRODUCTS_DIR; };
		7778C7EC477DFD4212C7C29C /* Pods-SwiftQuiz.debug.xcconfig */ = {isa = PBXFileReference; includeInIndex = 1; lastKnownFileType = text.xcconfig; name = "Pods-SwiftQuiz.debug.xcconfig"; path = "Target Support Files/Pods-SwiftQuiz/Pods-SwiftQuiz.debug.xcconfig"; sourceTree = "<group>"; };
		8F0E65ECDFCCCAEBA2E80738 /* Pods-SwiftQuiz.release.xcconfig */ = {isa = PBXFileReference; includeInIndex = 1; lastKnownFileType = text.xcconfig; name = "Pods-SwiftQuiz.release.xcconfig"; path = "Target Support Files/Pods-SwiftQuiz/Pods-SwiftQuiz.release.xcconfig"; sourceTree = "<group>"; };
		988C9FE2472E8D1392DCA0C5 /* Pods-SwiftQuizTests.debug.xcconfig */ = {isa = PBXFileReference; includeInIndex = 1; lastKnownFileType = text.xcconfig; name = "Pods-SwiftQuizTests.debug.xcconfig"; path = "Target Support Files/Pods-SwiftQuizTests/Pods-SwiftQuizTests.debug.xcconfig"; sourceTree = "<group>"; };
		CE6F7C91CC2DE0A02FB32943 /* Pods_SwiftQuiz.framework */ = {isa = PBXFileReference; explicitFileType = wrapper.framework; includeInIndex = 0; path = Pods_SwiftQuiz.framework; sourceTree = BUILT_PRODUCTS_DIR; };
		CF7217DF24881D47003A2FE3 /* Question.swift */ = {isa = PBXFileReference; lastKnownFileType = sourcecode.swift; path = Question.swift; sourceTree = "<group>"; };
		CF7217E124881DF3003A2FE3 /* QuestionAPI.swift */ = {isa = PBXFileReference; lastKnownFileType = sourcecode.swift; path = QuestionAPI.swift; sourceTree = "<group>"; };
		CFD0B51C2598D3B8004A6CD8 /* quiz.png */ = {isa = PBXFileReference; lastKnownFileType = image.png; path = quiz.png; sourceTree = "<group>"; };
		CFD0B51D2598D3B8004A6CD8 /* main.png */ = {isa = PBXFileReference; lastKnownFileType = image.png; path = main.png; sourceTree = "<group>"; };
		CFD0B51E2598D3B8004A6CD8 /* end.png */ = {isa = PBXFileReference; lastKnownFileType = image.png; path = end.png; sourceTree = "<group>"; };
		E809959E24BCA96400B695AC /* ExtensionUIColor.swift */ = {isa = PBXFileReference; lastKnownFileType = sourcecode.swift; path = ExtensionUIColor.swift; sourceTree = "<group>"; };
		E80995A624BCAA7E00B695AC /* Alamofire.framework */ = {isa = PBXFileReference; explicitFileType = wrapper.framework; path = Alamofire.framework; sourceTree = BUILT_PRODUCTS_DIR; };
		E80995A924BCAA8100B695AC /* Stevia.framework */ = {isa = PBXFileReference; explicitFileType = wrapper.framework; path = Stevia.framework; sourceTree = BUILT_PRODUCTS_DIR; };
		E81CE33F24B90C5E000362B5 /* Result.swift */ = {isa = PBXFileReference; fileEncoding = 4; lastKnownFileType = sourcecode.swift; path = Result.swift; sourceTree = "<group>"; };
		E81CE35024B90DAC000362B5 /* Base */ = {isa = PBXFileReference; lastKnownFileType = file.storyboard; name = Base; path = Base.lproj/LaunchScreen.storyboard; sourceTree = "<group>"; };
		E81CE35324B90DAC000362B5 /* HomeViewModel.swift */ = {isa = PBXFileReference; fileEncoding = 4; lastKnownFileType = sourcecode.swift; path = HomeViewModel.swift; sourceTree = "<group>"; };
		E81CE35424B90DAC000362B5 /* HomeViewController.swift */ = {isa = PBXFileReference; fileEncoding = 4; lastKnownFileType = sourcecode.swift; path = HomeViewController.swift; sourceTree = "<group>"; };
		E81CE35724B90DAC000362B5 /* ResultViewModel.swift */ = {isa = PBXFileReference; fileEncoding = 4; lastKnownFileType = sourcecode.swift; path = ResultViewModel.swift; sourceTree = "<group>"; };
		E81CE35824B90DAC000362B5 /* ResultViewController.swift */ = {isa = PBXFileReference; fileEncoding = 4; lastKnownFileType = sourcecode.swift; path = ResultViewController.swift; sourceTree = "<group>"; };
		E81CE35B24B90DAC000362B5 /* QuizViewModel.swift */ = {isa = PBXFileReference; fileEncoding = 4; lastKnownFileType = sourcecode.swift; path = QuizViewModel.swift; sourceTree = "<group>"; };
		E81CE35C24B90DAC000362B5 /* QuizViewController.swift */ = {isa = PBXFileReference; fileEncoding = 4; lastKnownFileType = sourcecode.swift; path = QuizViewController.swift; sourceTree = "<group>"; };
		E81CE35E24B90DAC000362B5 /* CustomButtonOptions.swift */ = {isa = PBXFileReference; fileEncoding = 4; lastKnownFileType = sourcecode.swift; path = CustomButtonOptions.swift; sourceTree = "<group>"; };
		E81CE35F24B90DAC000362B5 /* CustomButton.swift */ = {isa = PBXFileReference; fileEncoding = 4; lastKnownFileType = sourcecode.swift; path = CustomButton.swift; sourceTree = "<group>"; };
		E81CE36024B90DAC000362B5 /* CustomLabel.swift */ = {isa = PBXFileReference; fileEncoding = 4; lastKnownFileType = sourcecode.swift; path = CustomLabel.swift; sourceTree = "<group>"; };
		E81CE36C24B90E65000362B5 /* myriad-set-pro_text.ttf */ = {isa = PBXFileReference; lastKnownFileType = file; path = "myriad-set-pro_text.ttf"; sourceTree = "<group>"; };
		E84E525C24852CEE00715531 /* SwiftQuiz.app */ = {isa = PBXFileReference; explicitFileType = wrapper.application; includeInIndex = 0; path = SwiftQuiz.app; sourceTree = BUILT_PRODUCTS_DIR; };
		E84E525F24852CEE00715531 /* AppDelegate.swift */ = {isa = PBXFileReference; lastKnownFileType = sourcecode.swift; path = AppDelegate.swift; sourceTree = "<group>"; };
		E84E526B24852CEE00715531 /* Assets.xcassets */ = {isa = PBXFileReference; lastKnownFileType = folder.assetcatalog; path = Assets.xcassets; sourceTree = "<group>"; };
		E84E527024852CEE00715531 /* Info.plist */ = {isa = PBXFileReference; lastKnownFileType = text.plist.xml; path = Info.plist; sourceTree = "<group>"; };
		E86293B2259BA04900A1745A /* array.json */ = {isa = PBXFileReference; lastKnownFileType = text.json; path = array.json; sourceTree = "<group>"; };
		E86293B9259BA08200A1745A /* SwiftQuizTests.xctest */ = {isa = PBXFileReference; explicitFileType = wrapper.cfbundle; includeInIndex = 0; path = SwiftQuizTests.xctest; sourceTree = BUILT_PRODUCTS_DIR; };
		E86293BB259BA08200A1745A /* QuestionModelTests.swift */ = {isa = PBXFileReference; lastKnownFileType = sourcecode.swift; path = QuestionModelTests.swift; sourceTree = "<group>"; };
		E86293BD259BA08200A1745A /* Info.plist */ = {isa = PBXFileReference; lastKnownFileType = text.plist.xml; path = Info.plist; sourceTree = "<group>"; };
		E86293C3259BA1DE00A1745A /* question.json */ = {isa = PBXFileReference; lastKnownFileType = text.json; path = question.json; sourceTree = "<group>"; };
		E86293C5259BAAE300A1745A /* QuestioAPITests.swift */ = {isa = PBXFileReference; lastKnownFileType = sourcecode.swift; path = QuestioAPITests.swift; sourceTree = "<group>"; };
		E86293C7259BB05F00A1745A /* HomeViewControllerTests.swift */ = {isa = PBXFileReference; lastKnownFileType = sourcecode.swift; path = HomeViewControllerTests.swift; sourceTree = "<group>"; };
		E86293C9259BCAFB00A1745A /* QuizViewModelTests.swift */ = {isa = PBXFileReference; lastKnownFileType = sourcecode.swift; path = QuizViewModelTests.swift; sourceTree = "<group>"; };
		E89CC940259B5E81002D38B8 /* HomeView.swift */ = {isa = PBXFileReference; lastKnownFileType = sourcecode.swift; path = HomeView.swift; sourceTree = "<group>"; };
		E89CC942259B68AE002D38B8 /* QuizView.swift */ = {isa = PBXFileReference; lastKnownFileType = sourcecode.swift; path = QuizView.swift; sourceTree = "<group>"; };
		E89CC944259B7B3D002D38B8 /* ResultView.swift */ = {isa = PBXFileReference; lastKnownFileType = sourcecode.swift; path = ResultView.swift; sourceTree = "<group>"; };
		E89CC946259B828B002D38B8 /* GenericsProtocols.swift */ = {isa = PBXFileReference; lastKnownFileType = sourcecode.swift; path = GenericsProtocols.swift; sourceTree = "<group>"; };
		E8AD8181259E63CE00314FFA /* HomeViewModelTests.swift */ = {isa = PBXFileReference; lastKnownFileType = sourcecode.swift; path = HomeViewModelTests.swift; sourceTree = "<group>"; };
		E8BAFF5324ABA75200F80DA2 /* ViewConfiguration.swift */ = {isa = PBXFileReference; lastKnownFileType = sourcecode.swift; path = ViewConfiguration.swift; sourceTree = "<group>"; };
		F64FA4E3CFACA49C7E4C80AC /* Pods-SwiftQuizTests.release.xcconfig */ = {isa = PBXFileReference; includeInIndex = 1; lastKnownFileType = text.xcconfig; name = "Pods-SwiftQuizTests.release.xcconfig"; path = "Target Support Files/Pods-SwiftQuizTests/Pods-SwiftQuizTests.release.xcconfig"; sourceTree = "<group>"; };
/* End PBXFileReference section */

/* Begin PBXFrameworksBuildPhase section */
		E84E525924852CEE00715531 /* Frameworks */ = {
			isa = PBXFrameworksBuildPhase;
			buildActionMask = 2147483647;
			files = (
				53FE0F7D60F76BCDD913ED28 /* Pods_SwiftQuiz.framework in Frameworks */,
			);
			runOnlyForDeploymentPostprocessing = 0;
		};
		E86293B6259BA08200A1745A /* Frameworks */ = {
			isa = PBXFrameworksBuildPhase;
			buildActionMask = 2147483647;
			files = (
				B5CDEC4ADF7400DF1D21AB4A /* libPods-SwiftQuizTests.a in Frameworks */,
			);
			runOnlyForDeploymentPostprocessing = 0;
		};
/* End PBXFrameworksBuildPhase section */

/* Begin PBXGroup section */
		0A007FAE0CDC11600BD2CE9E /* Frameworks */ = {
			isa = PBXGroup;
			children = (
				E80995A924BCAA8100B695AC /* Stevia.framework */,
				E80995A624BCAA7E00B695AC /* Alamofire.framework */,
				CE6F7C91CC2DE0A02FB32943 /* Pods_SwiftQuiz.framework */,
				0E779A92970CB905E5325B17 /* libPods-SwiftQuizTests.a */,
			);
			name = Frameworks;
			sourceTree = "<group>";
		};
		CF4136DB248FD4B7000F08E8 /* Model */ = {
			isa = PBXGroup;
			children = (
				E81CE33F24B90C5E000362B5 /* Result.swift */,
				CF7217DF24881D47003A2FE3 /* Question.swift */,
			);
			path = Model;
			sourceTree = "<group>";
		};
		CF4136DE248FD4F9000F08E8 /* Service */ = {
			isa = PBXGroup;
			children = (
				CF7217E124881DF3003A2FE3 /* QuestionAPI.swift */,
			);
			path = Service;
			sourceTree = "<group>";
		};
		CFD0B51A2598D388004A6CD8 /* Support */ = {
			isa = PBXGroup;
			children = (
				E84E525F24852CEE00715531 /* AppDelegate.swift */,
				E84E526B24852CEE00715531 /* Assets.xcassets */,
				E84E527024852CEE00715531 /* Info.plist */,
				CFD0B51B2598D392004A6CD8 /* Screenshots */,
			);
			path = Support;
			sourceTree = "<group>";
		};
		CFD0B51B2598D392004A6CD8 /* Screenshots */ = {
			isa = PBXGroup;
			children = (
				CFD0B51E2598D3B8004A6CD8 /* end.png */,
				CFD0B51D2598D3B8004A6CD8 /* main.png */,
				CFD0B51C2598D3B8004A6CD8 /* quiz.png */,
			);
			path = Screenshots;
			sourceTree = "<group>";
		};
		E81CE34D24B90DAC000362B5 /* View */ = {
			isa = PBXGroup;
			children = (
				E81CE34E24B90DAC000362B5 /* LaunchScreen */,
				E81CE35124B90DAC000362B5 /* Home */,
				E81CE35524B90DAC000362B5 /* Result */,
				E81CE35924B90DAC000362B5 /* Quiz */,
				E81CE35D24B90DAC000362B5 /* Components */,
			);
			path = View;
			sourceTree = "<group>";
		};
		E81CE34E24B90DAC000362B5 /* LaunchScreen */ = {
			isa = PBXGroup;
			children = (
				E81CE34F24B90DAC000362B5 /* LaunchScreen.storyboard */,
			);
			path = LaunchScreen;
			sourceTree = "<group>";
		};
		E81CE35124B90DAC000362B5 /* Home */ = {
			isa = PBXGroup;
			children = (
				E81CE35324B90DAC000362B5 /* HomeViewModel.swift */,
				E81CE35424B90DAC000362B5 /* HomeViewController.swift */,
				E89CC940259B5E81002D38B8 /* HomeView.swift */,
			);
			path = Home;
			sourceTree = "<group>";
		};
		E81CE35524B90DAC000362B5 /* Result */ = {
			isa = PBXGroup;
			children = (
				E81CE35724B90DAC000362B5 /* ResultViewModel.swift */,
				E81CE35824B90DAC000362B5 /* ResultViewController.swift */,
				E89CC944259B7B3D002D38B8 /* ResultView.swift */,
			);
			path = Result;
			sourceTree = "<group>";
		};
		E81CE35924B90DAC000362B5 /* Quiz */ = {
			isa = PBXGroup;
			children = (
				E81CE35B24B90DAC000362B5 /* QuizViewModel.swift */,
				E81CE35C24B90DAC000362B5 /* QuizViewController.swift */,
				E89CC942259B68AE002D38B8 /* QuizView.swift */,
			);
			path = Quiz;
			sourceTree = "<group>";
		};
		E81CE35D24B90DAC000362B5 /* Components */ = {
			isa = PBXGroup;
			children = (
				E81CE35E24B90DAC000362B5 /* CustomButtonOptions.swift */,
				E81CE35F24B90DAC000362B5 /* CustomButton.swift */,
				E81CE36024B90DAC000362B5 /* CustomLabel.swift */,
			);
			path = Components;
			sourceTree = "<group>";
		};
		E81CE36B24B90E65000362B5 /* Resource */ = {
			isa = PBXGroup;
			children = (
				E81CE36C24B90E65000362B5 /* myriad-set-pro_text.ttf */,
			);
			path = Resource;
			sourceTree = "<group>";
		};
		E84E525324852CEE00715531 = {
			isa = PBXGroup;
			children = (
				E84E525E24852CEE00715531 /* SwiftQuiz */,
				E81CE36B24B90E65000362B5 /* Resource */,
				E86293BA259BA08200A1745A /* SwiftQuizTests */,
				E84E525D24852CEE00715531 /* Products */,
				F34DDBC33424753B81DDA30F /* Pods */,
				0A007FAE0CDC11600BD2CE9E /* Frameworks */,
			);
			sourceTree = "<group>";
		};
		E84E525D24852CEE00715531 /* Products */ = {
			isa = PBXGroup;
			children = (
				E84E525C24852CEE00715531 /* SwiftQuiz.app */,
				E86293B9259BA08200A1745A /* SwiftQuizTests.xctest */,
			);
			name = Products;
			sourceTree = "<group>";
		};
		E84E525E24852CEE00715531 /* SwiftQuiz */ = {
			isa = PBXGroup;
			children = (
				E86293B0259BA02800A1745A /* Data */,
				CFD0B51A2598D388004A6CD8 /* Support */,
				E81CE34D24B90DAC000362B5 /* View */,
				CF4136DB248FD4B7000F08E8 /* Model */,
				CF4136DE248FD4F9000F08E8 /* Service */,
				E8BAFF5224ABA74100F80DA2 /* Util */,
			);
			path = SwiftQuiz;
			sourceTree = "<group>";
		};
		E86293B0259BA02800A1745A /* Data */ = {
			isa = PBXGroup;
			children = (
				E86293B1259BA02D00A1745A /* Mock */,
			);
			path = Data;
			sourceTree = "<group>";
		};
		E86293B1259BA02D00A1745A /* Mock */ = {
			isa = PBXGroup;
			children = (
				E86293B2259BA04900A1745A /* array.json */,
				E86293C3259BA1DE00A1745A /* question.json */,
			);
			path = Mock;
			sourceTree = "<group>";
		};
		E86293BA259BA08200A1745A /* SwiftQuizTests */ = {
			isa = PBXGroup;
			children = (
				E8AD8181259E63CE00314FFA /* HomeViewModelTests.swift */,
				E86293C7259BB05F00A1745A /* HomeViewControllerTests.swift */,
				E86293C9259BCAFB00A1745A /* QuizViewModelTests.swift */,
				E86293C5259BAAE300A1745A /* QuestioAPITests.swift */,
				E86293BB259BA08200A1745A /* QuestionModelTests.swift */,
				E86293BD259BA08200A1745A /* Info.plist */,
			);
			path = SwiftQuizTests;
			sourceTree = "<group>";
		};
		E8BAFF5224ABA74100F80DA2 /* Util */ = {
			isa = PBXGroup;
			children = (
				E8BAFF5324ABA75200F80DA2 /* ViewConfiguration.swift */,
				E809959E24BCA96400B695AC /* ExtensionUIColor.swift */,
				E89CC946259B828B002D38B8 /* GenericsProtocols.swift */,
			);
			path = Util;
			sourceTree = "<group>";
		};
		F34DDBC33424753B81DDA30F /* Pods */ = {
			isa = PBXGroup;
			children = (
				7778C7EC477DFD4212C7C29C /* Pods-SwiftQuiz.debug.xcconfig */,
				8F0E65ECDFCCCAEBA2E80738 /* Pods-SwiftQuiz.release.xcconfig */,
				988C9FE2472E8D1392DCA0C5 /* Pods-SwiftQuizTests.debug.xcconfig */,
				F64FA4E3CFACA49C7E4C80AC /* Pods-SwiftQuizTests.release.xcconfig */,
			);
			path = Pods;
			sourceTree = "<group>";
		};
/* End PBXGroup section */

/* Begin PBXNativeTarget section */
		E84E525B24852CEE00715531 /* SwiftQuiz */ = {
			isa = PBXNativeTarget;
			buildConfigurationList = E84E527324852CEE00715531 /* Build configuration list for PBXNativeTarget "SwiftQuiz" */;
			buildPhases = (
				83B8E4A040F8D0ACFE4E5A21 /* [CP] Check Pods Manifest.lock */,
				E84E525824852CEE00715531 /* Sources */,
				E84E525924852CEE00715531 /* Frameworks */,
				E84E525A24852CEE00715531 /* Resources */,
				E80995A224BCAA5E00B695AC /* Embed Frameworks */,
				6284D7080F3C23F040CC22B5 /* [CP] Embed Pods Frameworks */,
			);
			buildRules = (
			);
			dependencies = (
			);
			name = SwiftQuiz;
			productName = SwiftQuiz;
			productReference = E84E525C24852CEE00715531 /* SwiftQuiz.app */;
			productType = "com.apple.product-type.application";
		};
		E86293B8259BA08200A1745A /* SwiftQuizTests */ = {
			isa = PBXNativeTarget;
			buildConfigurationList = E86293C0259BA08200A1745A /* Build configuration list for PBXNativeTarget "SwiftQuizTests" */;
			buildPhases = (
				CB256A8755D8D384CB965153 /* [CP] Check Pods Manifest.lock */,
				E86293B5259BA08200A1745A /* Sources */,
				E86293B6259BA08200A1745A /* Frameworks */,
				E86293B7259BA08200A1745A /* Resources */,
			);
			buildRules = (
			);
			dependencies = (
				E86293BF259BA08200A1745A /* PBXTargetDependency */,
			);
			name = SwiftQuizTests;
			productName = SwiftQuizTests;
			productReference = E86293B9259BA08200A1745A /* SwiftQuizTests.xctest */;
			productType = "com.apple.product-type.bundle.unit-test";
		};
/* End PBXNativeTarget section */

/* Begin PBXProject section */
		E84E525424852CEE00715531 /* Project object */ = {
			isa = PBXProject;
			attributes = {
				LastSwiftUpdateCheck = 1160;
				LastUpgradeCheck = 1130;
				ORGANIZATIONNAME = "João Luis dos Santos";
				TargetAttributes = {
					E84E525B24852CEE00715531 = {
						CreatedOnToolsVersion = 11.3.1;
					};
					E86293B8259BA08200A1745A = {
						CreatedOnToolsVersion = 11.6;
						TestTargetID = E84E525B24852CEE00715531;
					};
				};
			};
			buildConfigurationList = E84E525724852CEE00715531 /* Build configuration list for PBXProject "SwiftQuiz" */;
			compatibilityVersion = "Xcode 9.3";
			developmentRegion = en;
			hasScannedForEncodings = 0;
			knownRegions = (
				en,
				Base,
			);
			mainGroup = E84E525324852CEE00715531;
			productRefGroup = E84E525D24852CEE00715531 /* Products */;
			projectDirPath = "";
			projectRoot = "";
			targets = (
				E84E525B24852CEE00715531 /* SwiftQuiz */,
				E86293B8259BA08200A1745A /* SwiftQuizTests */,
			);
		};
/* End PBXProject section */

/* Begin PBXResourcesBuildPhase section */
		E84E525A24852CEE00715531 /* Resources */ = {
			isa = PBXResourcesBuildPhase;
			buildActionMask = 2147483647;
			files = (
				CFD0B51F2598D3B8004A6CD8 /* quiz.png in Resources */,
				CFD0B5202598D3B8004A6CD8 /* main.png in Resources */,
				E81CE36124B90DAC000362B5 /* LaunchScreen.storyboard in Resources */,
				E86293B3259BA04900A1745A /* array.json in Resources */,
				CFD0B5212598D3B8004A6CD8 /* end.png in Resources */,
				E86293C4259BA1DE00A1745A /* question.json in Resources */,
				E81CE36D24B90E65000362B5 /* myriad-set-pro_text.ttf in Resources */,
				E84E526C24852CEE00715531 /* Assets.xcassets in Resources */,
			);
			runOnlyForDeploymentPostprocessing = 0;
		};
		E86293B7259BA08200A1745A /* Resources */ = {
			isa = PBXResourcesBuildPhase;
			buildActionMask = 2147483647;
			files = (
			);
			runOnlyForDeploymentPostprocessing = 0;
		};
/* End PBXResourcesBuildPhase section */

/* Begin PBXShellScriptBuildPhase section */
		6284D7080F3C23F040CC22B5 /* [CP] Embed Pods Frameworks */ = {
			isa = PBXShellScriptBuildPhase;
			buildActionMask = 2147483647;
			files = (
			);
			inputFileListPaths = (
				"${PODS_ROOT}/Target Support Files/Pods-SwiftQuiz/Pods-SwiftQuiz-frameworks-${CONFIGURATION}-input-files.xcfilelist",
			);
			name = "[CP] Embed Pods Frameworks";
			outputFileListPaths = (
				"${PODS_ROOT}/Target Support Files/Pods-SwiftQuiz/Pods-SwiftQuiz-frameworks-${CONFIGURATION}-output-files.xcfilelist",
			);
			runOnlyForDeploymentPostprocessing = 0;
			shellPath = /bin/sh;
			shellScript = "\"${PODS_ROOT}/Target Support Files/Pods-SwiftQuiz/Pods-SwiftQuiz-frameworks.sh\"\n";
			showEnvVarsInLog = 0;
		};
		83B8E4A040F8D0ACFE4E5A21 /* [CP] Check Pods Manifest.lock */ = {
			isa = PBXShellScriptBuildPhase;
			buildActionMask = 2147483647;
			files = (
			);
			inputFileListPaths = (
			);
			inputPaths = (
				"${PODS_PODFILE_DIR_PATH}/Podfile.lock",
				"${PODS_ROOT}/Manifest.lock",
			);
			name = "[CP] Check Pods Manifest.lock";
			outputFileListPaths = (
			);
			outputPaths = (
				"$(DERIVED_FILE_DIR)/Pods-SwiftQuiz-checkManifestLockResult.txt",
			);
			runOnlyForDeploymentPostprocessing = 0;
			shellPath = /bin/sh;
			shellScript = "diff \"${PODS_PODFILE_DIR_PATH}/Podfile.lock\" \"${PODS_ROOT}/Manifest.lock\" > /dev/null\nif [ $? != 0 ] ; then\n    # print error to STDERR\n    echo \"error: The sandbox is not in sync with the Podfile.lock. Run 'pod install' or update your CocoaPods installation.\" >&2\n    exit 1\nfi\n# This output is used by Xcode 'outputs' to avoid re-running this script phase.\necho \"SUCCESS\" > \"${SCRIPT_OUTPUT_FILE_0}\"\n";
			showEnvVarsInLog = 0;
		};
		CB256A8755D8D384CB965153 /* [CP] Check Pods Manifest.lock */ = {
			isa = PBXShellScriptBuildPhase;
			buildActionMask = 2147483647;
			files = (
			);
			inputFileListPaths = (
			);
			inputPaths = (
				"${PODS_PODFILE_DIR_PATH}/Podfile.lock",
				"${PODS_ROOT}/Manifest.lock",
			);
			name = "[CP] Check Pods Manifest.lock";
			outputFileListPaths = (
			);
			outputPaths = (
				"$(DERIVED_FILE_DIR)/Pods-SwiftQuizTests-checkManifestLockResult.txt",
			);
			runOnlyForDeploymentPostprocessing = 0;
			shellPath = /bin/sh;
			shellScript = "diff \"${PODS_PODFILE_DIR_PATH}/Podfile.lock\" \"${PODS_ROOT}/Manifest.lock\" > /dev/null\nif [ $? != 0 ] ; then\n    # print error to STDERR\n    echo \"error: The sandbox is not in sync with the Podfile.lock. Run 'pod install' or update your CocoaPods installation.\" >&2\n    exit 1\nfi\n# This output is used by Xcode 'outputs' to avoid re-running this script phase.\necho \"SUCCESS\" > \"${SCRIPT_OUTPUT_FILE_0}\"\n";
			showEnvVarsInLog = 0;
		};
/* End PBXShellScriptBuildPhase section */

/* Begin PBXSourcesBuildPhase section */
		E84E525824852CEE00715531 /* Sources */ = {
			isa = PBXSourcesBuildPhase;
			buildActionMask = 2147483647;
			files = (
				CF7217E024881D47003A2FE3 /* Question.swift in Sources */,
				E81CE36424B90DAC000362B5 /* ResultViewModel.swift in Sources */,
				E809959F24BCA96400B695AC /* ExtensionUIColor.swift in Sources */,
				E81CE36624B90DAC000362B5 /* QuizViewModel.swift in Sources */,
				E8BAFF5424ABA75200F80DA2 /* ViewConfiguration.swift in Sources */,
				E81CE36224B90DAC000362B5 /* HomeViewModel.swift in Sources */,
				E89CC947259B828B002D38B8 /* GenericsProtocols.swift in Sources */,
				CF7217E224881DF3003A2FE3 /* QuestionAPI.swift in Sources */,
				E81CE36A24B90DAC000362B5 /* CustomLabel.swift in Sources */,
				E81CE36324B90DAC000362B5 /* HomeViewController.swift in Sources */,
				E81CE36724B90DAC000362B5 /* QuizViewController.swift in Sources */,
				E81CE36824B90DAC000362B5 /* CustomButtonOptions.swift in Sources */,
				E89CC945259B7B3D002D38B8 /* ResultView.swift in Sources */,
				E81CE34024B90C5E000362B5 /* Result.swift in Sources */,
				E84E526024852CEE00715531 /* AppDelegate.swift in Sources */,
				E89CC941259B5E81002D38B8 /* HomeView.swift in Sources */,
				E81CE36524B90DAC000362B5 /* ResultViewController.swift in Sources */,
				E89CC943259B68AE002D38B8 /* QuizView.swift in Sources */,
				E81CE36924B90DAC000362B5 /* CustomButton.swift in Sources */,
			);
			runOnlyForDeploymentPostprocessing = 0;
		};
		E86293B5259BA08200A1745A /* Sources */ = {
			isa = PBXSourcesBuildPhase;
			buildActionMask = 2147483647;
			files = (
				E8AD8182259E63CE00314FFA /* HomeViewModelTests.swift in Sources */,
				E86293BC259BA08200A1745A /* QuestionModelTests.swift in Sources */,
				E86293C8259BB05F00A1745A /* HomeViewControllerTests.swift in Sources */,
				E86293C6259BAAE300A1745A /* QuestioAPITests.swift in Sources */,
				E86293CA259BCAFB00A1745A /* QuizViewModelTests.swift in Sources */,
			);
			runOnlyForDeploymentPostprocessing = 0;
		};
/* End PBXSourcesBuildPhase section */

/* Begin PBXTargetDependency section */
		E86293BF259BA08200A1745A /* PBXTargetDependency */ = {
			isa = PBXTargetDependency;
			target = E84E525B24852CEE00715531 /* SwiftQuiz */;
			targetProxy = E86293BE259BA08200A1745A /* PBXContainerItemProxy */;
		};
/* End PBXTargetDependency section */

/* Begin PBXVariantGroup section */
		E81CE34F24B90DAC000362B5 /* LaunchScreen.storyboard */ = {
			isa = PBXVariantGroup;
			children = (
				E81CE35024B90DAC000362B5 /* Base */,
			);
			name = LaunchScreen.storyboard;
			sourceTree = "<group>";
		};
/* End PBXVariantGroup section */

/* Begin XCBuildConfiguration section */
		E84E527124852CEE00715531 /* Debug */ = {
			isa = XCBuildConfiguration;
			buildSettings = {
				ALWAYS_SEARCH_USER_PATHS = NO;
				CLANG_ANALYZER_NONNULL = YES;
				CLANG_ANALYZER_NUMBER_OBJECT_CONVERSION = YES_AGGRESSIVE;
				CLANG_CXX_LANGUAGE_STANDARD = "gnu++14";
				CLANG_CXX_LIBRARY = "libc++";
				CLANG_ENABLE_MODULES = YES;
				CLANG_ENABLE_OBJC_ARC = YES;
				CLANG_ENABLE_OBJC_WEAK = YES;
				CLANG_WARN_BLOCK_CAPTURE_AUTORELEASING = YES;
				CLANG_WARN_BOOL_CONVERSION = YES;
				CLANG_WARN_COMMA = YES;
				CLANG_WARN_CONSTANT_CONVERSION = YES;
				CLANG_WARN_DEPRECATED_OBJC_IMPLEMENTATIONS = YES;
				CLANG_WARN_DIRECT_OBJC_ISA_USAGE = YES_ERROR;
				CLANG_WARN_DOCUMENTATION_COMMENTS = YES;
				CLANG_WARN_EMPTY_BODY = YES;
				CLANG_WARN_ENUM_CONVERSION = YES;
				CLANG_WARN_INFINITE_RECURSION = YES;
				CLANG_WARN_INT_CONVERSION = YES;
				CLANG_WARN_NON_LITERAL_NULL_CONVERSION = YES;
				CLANG_WARN_OBJC_IMPLICIT_RETAIN_SELF = YES;
				CLANG_WARN_OBJC_LITERAL_CONVERSION = YES;
				CLANG_WARN_OBJC_ROOT_CLASS = YES_ERROR;
				CLANG_WARN_RANGE_LOOP_ANALYSIS = YES;
				CLANG_WARN_STRICT_PROTOTYPES = YES;
				CLANG_WARN_SUSPICIOUS_MOVE = YES;
				CLANG_WARN_UNGUARDED_AVAILABILITY = YES_AGGRESSIVE;
				CLANG_WARN_UNREACHABLE_CODE = YES;
				CLANG_WARN__DUPLICATE_METHOD_MATCH = YES;
				COPY_PHASE_STRIP = NO;
				DEBUG_INFORMATION_FORMAT = dwarf;
				ENABLE_STRICT_OBJC_MSGSEND = YES;
				ENABLE_TESTABILITY = YES;
				GCC_C_LANGUAGE_STANDARD = gnu11;
				GCC_DYNAMIC_NO_PIC = NO;
				GCC_NO_COMMON_BLOCKS = YES;
				GCC_OPTIMIZATION_LEVEL = 0;
				GCC_PREPROCESSOR_DEFINITIONS = (
					"DEBUG=1",
					"$(inherited)",
				);
				GCC_WARN_64_TO_32_BIT_CONVERSION = YES;
				GCC_WARN_ABOUT_RETURN_TYPE = YES_ERROR;
				GCC_WARN_UNDECLARED_SELECTOR = YES;
				GCC_WARN_UNINITIALIZED_AUTOS = YES_AGGRESSIVE;
				GCC_WARN_UNUSED_FUNCTION = YES;
				GCC_WARN_UNUSED_VARIABLE = YES;
				IPHONEOS_DEPLOYMENT_TARGET = 13.2;
				MTL_ENABLE_DEBUG_INFO = INCLUDE_SOURCE;
				MTL_FAST_MATH = YES;
				ONLY_ACTIVE_ARCH = YES;
				SDKROOT = iphoneos;
				SWIFT_ACTIVE_COMPILATION_CONDITIONS = DEBUG;
				SWIFT_OPTIMIZATION_LEVEL = "-Onone";
			};
			name = Debug;
		};
		E84E527224852CEE00715531 /* Release */ = {
			isa = XCBuildConfiguration;
			buildSettings = {
				ALWAYS_SEARCH_USER_PATHS = NO;
				CLANG_ANALYZER_NONNULL = YES;
				CLANG_ANALYZER_NUMBER_OBJECT_CONVERSION = YES_AGGRESSIVE;
				CLANG_CXX_LANGUAGE_STANDARD = "gnu++14";
				CLANG_CXX_LIBRARY = "libc++";
				CLANG_ENABLE_MODULES = YES;
				CLANG_ENABLE_OBJC_ARC = YES;
				CLANG_ENABLE_OBJC_WEAK = YES;
				CLANG_WARN_BLOCK_CAPTURE_AUTORELEASING = YES;
				CLANG_WARN_BOOL_CONVERSION = YES;
				CLANG_WARN_COMMA = YES;
				CLANG_WARN_CONSTANT_CONVERSION = YES;
				CLANG_WARN_DEPRECATED_OBJC_IMPLEMENTATIONS = YES;
				CLANG_WARN_DIRECT_OBJC_ISA_USAGE = YES_ERROR;
				CLANG_WARN_DOCUMENTATION_COMMENTS = YES;
				CLANG_WARN_EMPTY_BODY = YES;
				CLANG_WARN_ENUM_CONVERSION = YES;
				CLANG_WARN_INFINITE_RECURSION = YES;
				CLANG_WARN_INT_CONVERSION = YES;
				CLANG_WARN_NON_LITERAL_NULL_CONVERSION = YES;
				CLANG_WARN_OBJC_IMPLICIT_RETAIN_SELF = YES;
				CLANG_WARN_OBJC_LITERAL_CONVERSION = YES;
				CLANG_WARN_OBJC_ROOT_CLASS = YES_ERROR;
				CLANG_WARN_RANGE_LOOP_ANALYSIS = YES;
				CLANG_WARN_STRICT_PROTOTYPES = YES;
				CLANG_WARN_SUSPICIOUS_MOVE = YES;
				CLANG_WARN_UNGUARDED_AVAILABILITY = YES_AGGRESSIVE;
				CLANG_WARN_UNREACHABLE_CODE = YES;
				CLANG_WARN__DUPLICATE_METHOD_MATCH = YES;
				COPY_PHASE_STRIP = NO;
				DEBUG_INFORMATION_FORMAT = "dwarf-with-dsym";
				ENABLE_NS_ASSERTIONS = NO;
				ENABLE_STRICT_OBJC_MSGSEND = YES;
				GCC_C_LANGUAGE_STANDARD = gnu11;
				GCC_NO_COMMON_BLOCKS = YES;
				GCC_WARN_64_TO_32_BIT_CONVERSION = YES;
				GCC_WARN_ABOUT_RETURN_TYPE = YES_ERROR;
				GCC_WARN_UNDECLARED_SELECTOR = YES;
				GCC_WARN_UNINITIALIZED_AUTOS = YES_AGGRESSIVE;
				GCC_WARN_UNUSED_FUNCTION = YES;
				GCC_WARN_UNUSED_VARIABLE = YES;
				IPHONEOS_DEPLOYMENT_TARGET = 13.2;
				MTL_ENABLE_DEBUG_INFO = NO;
				MTL_FAST_MATH = YES;
				SDKROOT = iphoneos;
				SWIFT_COMPILATION_MODE = wholemodule;
				SWIFT_OPTIMIZATION_LEVEL = "-O";
				VALIDATE_PRODUCT = YES;
			};
			name = Release;
		};
		E84E527424852CEE00715531 /* Debug */ = {
			isa = XCBuildConfiguration;
			baseConfigurationReference = 7778C7EC477DFD4212C7C29C /* Pods-SwiftQuiz.debug.xcconfig */;
			buildSettings = {
				ASSETCATALOG_COMPILER_APPICON_NAME = AppIcon;
				CODE_SIGN_STYLE = Automatic;
				DEVELOPMENT_TEAM = 4FGAJ25MKJ;
				INFOPLIST_FILE = SwiftQuiz/Support/Info.plist;
				IPHONEOS_DEPLOYMENT_TARGET = 10.0;
				LD_RUNPATH_SEARCH_PATHS = (
					"$(inherited)",
					"@executable_path/Frameworks",
				);
				PRODUCT_BUNDLE_IDENTIFIER = br.com.joao.SwiftQuiz;
				PRODUCT_NAME = "$(TARGET_NAME)";
				SWIFT_VERSION = 4.2;
				TARGETED_DEVICE_FAMILY = "1,2";
			};
			name = Debug;
		};
		E84E527524852CEE00715531 /* Release */ = {
			isa = XCBuildConfiguration;
			baseConfigurationReference = 8F0E65ECDFCCCAEBA2E80738 /* Pods-SwiftQuiz.release.xcconfig */;
			buildSettings = {
				ASSETCATALOG_COMPILER_APPICON_NAME = AppIcon;
				CODE_SIGN_STYLE = Automatic;
				DEVELOPMENT_TEAM = 4FGAJ25MKJ;
				INFOPLIST_FILE = SwiftQuiz/Support/Info.plist;
				IPHONEOS_DEPLOYMENT_TARGET = 10.0;
				LD_RUNPATH_SEARCH_PATHS = (
					"$(inherited)",
					"@executable_path/Frameworks",
				);
				PRODUCT_BUNDLE_IDENTIFIER = br.com.joao.SwiftQuiz;
				PRODUCT_NAME = "$(TARGET_NAME)";
				SWIFT_VERSION = 4.2;
				TARGETED_DEVICE_FAMILY = "1,2";
			};
			name = Release;
		};
		E86293C1259BA08200A1745A /* Debug */ = {
			isa = XCBuildConfiguration;
			baseConfigurationReference = 988C9FE2472E8D1392DCA0C5 /* Pods-SwiftQuizTests.debug.xcconfig */;
			buildSettings = {
				BUNDLE_LOADER = "$(TEST_HOST)";
				CODE_SIGN_STYLE = Automatic;
				DEVELOPMENT_TEAM = 4FGAJ25MKJ;
				INFOPLIST_FILE = SwiftQuizTests/Info.plist;
				IPHONEOS_DEPLOYMENT_TARGET = 13.6;
				LD_RUNPATH_SEARCH_PATHS = (
					"$(inherited)",
					"@executable_path/Frameworks",
					"@loader_path/Frameworks",
				);
				PRODUCT_BUNDLE_IDENTIFIER = br.com.joao.SwiftQuizTests;
				PRODUCT_NAME = "$(TARGET_NAME)";
				SWIFT_VERSION = 5.0;
				TARGETED_DEVICE_FAMILY = "1,2";
				TEST_HOST = "$(BUILT_PRODUCTS_DIR)/SwiftQuiz.app/SwiftQuiz";
			};
			name = Debug;
		};
		E86293C2259BA08200A1745A /* Release */ = {
			isa = XCBuildConfiguration;
			baseConfigurationReference = F64FA4E3CFACA49C7E4C80AC /* Pods-SwiftQuizTests.release.xcconfig */;
			buildSettings = {
				BUNDLE_LOADER = "$(TEST_HOST)";
				CODE_SIGN_STYLE = Automatic;
				DEVELOPMENT_TEAM = 4FGAJ25MKJ;
				INFOPLIST_FILE = SwiftQuizTests/Info.plist;
				IPHONEOS_DEPLOYMENT_TARGET = 13.6;
				LD_RUNPATH_SEARCH_PATHS = (
					"$(inherited)",
					"@executable_path/Frameworks",
					"@loader_path/Frameworks",
				);
				PRODUCT_BUNDLE_IDENTIFIER = br.com.joao.SwiftQuizTests;
				PRODUCT_NAME = "$(TARGET_NAME)";
				SWIFT_VERSION = 5.0;
				TARGETED_DEVICE_FAMILY = "1,2";
				TEST_HOST = "$(BUILT_PRODUCTS_DIR)/SwiftQuiz.app/SwiftQuiz";
			};
			name = Release;
		};
/* End XCBuildConfiguration section */

/* Begin XCConfigurationList section */
		E84E525724852CEE00715531 /* Build configuration list for PBXProject "SwiftQuiz" */ = {
			isa = XCConfigurationList;
			buildConfigurations = (
				E84E527124852CEE00715531 /* Debug */,
				E84E527224852CEE00715531 /* Release */,
			);
			defaultConfigurationIsVisible = 0;
			defaultConfigurationName = Release;
		};
		E84E527324852CEE00715531 /* Build configuration list for PBXNativeTarget "SwiftQuiz" */ = {
			isa = XCConfigurationList;
			buildConfigurations = (
				E84E527424852CEE00715531 /* Debug */,
				E84E527524852CEE00715531 /* Release */,
			);
			defaultConfigurationIsVisible = 0;
			defaultConfigurationName = Release;
		};
		E86293C0259BA08200A1745A /* Build configuration list for PBXNativeTarget "SwiftQuizTests" */ = {
			isa = XCConfigurationList;
			buildConfigurations = (
				E86293C1259BA08200A1745A /* Debug */,
				E86293C2259BA08200A1745A /* Release */,
			);
			defaultConfigurationIsVisible = 0;
			defaultConfigurationName = Release;
		};
/* End XCConfigurationList section */
	};
	rootObject = E84E525424852CEE00715531 /* Project object */;
}
